
Microsoft Visual Studio Solution File, Format Version 12.00
# Visual Studio Version 17
VisualStudioVersion = 17.4.33205.214
MinimumVisualStudioVersion = 10.0.40219.1
Project("{8BC9CEB8-8B4A-11D0-8D11-00A0C91BC942}") = "Hello, World!", "Hello, World!.vcxproj", "{435AF38A-C3A8-42DA-9E43-26F663BCCD8B}"
EndProject
Project("{8BC9CEB8-8B4A-11D0-8D11-00A0C91BC942}") = "HM119_7", "..\HM119_7\HM119_7.vcxproj", "{81884062-5905-4A1B-BD72-7C3B7A406F00}"
EndProject
Project("{2150E333-8FDC-42A3-9474-1A3956D46DE8}") = "Элементы решения", "Элементы решения", "{33066273-09C2-4FA0-990E-988D3590FC6B}"
EndProject
Global
	GlobalSection(SolutionConfigurationPlatforms) = preSolution
		Debug|x64 = Debug|x64
		Debug|x86 = Debug|x86
		Release|x64 = Release|x64
		Release|x86 = Release|x86
	EndGlobalSection
	GlobalSection(ProjectConfigurationPlatforms) = postSolution
		{435AF38A-C3A8-42DA-9E43-26F663BCCD8B}.Debug|x64.ActiveCfg = Debug|x64
		{435AF38A-C3A8-42DA-9E43-26F663BCCD8B}.Debug|x64.Build.0 = Debug|x64
		{435AF38A-C3A8-42DA-9E43-26F663BCCD8B}.Debug|x86.ActiveCfg = Debug|Win32
		{435AF38A-C3A8-42DA-9E43-26F663BCCD8B}.Debug|x86.Build.0 = Debug|Win32
		{435AF38A-C3A8-42DA-9E43-26F663BCCD8B}.Release|x64.ActiveCfg = Release|x64
		{435AF38A-C3A8-42DA-9E43-26F663BCCD8B}.Release|x64.Build.0 = Release|x64
		{435AF38A-C3A8-42DA-9E43-26F663BCCD8B}.Release|x86.ActiveCfg = Release|Win32
		{435AF38A-C3A8-42DA-9E43-26F663BCCD8B}.Release|x86.Build.0 = Release|Win32
		{81884062-5905-4A1B-BD72-7C3B7A406F00}.Debug|x64.ActiveCfg = Debug|x64
		{81884062-5905-4A1B-BD72-7C3B7A406F00}.Debug|x64.Build.0 = Debug|x64
		{81884062-5905-4A1B-BD72-7C3B7A406F00}.Debug|x86.ActiveCfg = Debug|Win32
		{81884062-5905-4A1B-BD72-7C3B7A406F00}.Debug|x86.Build.0 = Debug|Win32
		{81884062-5905-4A1B-BD72-7C3B7A406F00}.Release|x64.ActiveCfg = Release|x64
		{81884062-5905-4A1B-BD72-7C3B7A406F00}.Release|x64.Build.0 = Release|x64
		{81884062-5905-4A1B-BD72-7C3B7A406F00}.Release|x86.ActiveCfg = Release|Win32
		{81884062-5905-4A1B-BD72-7C3B7A406F00}.Release|x86.Build.0 = Release|Win32
	EndGlobalSection
	GlobalSection(SolutionProperties) = preSolution
		HideSolutionNode = FALSE
	EndGlobalSection
	GlobalSection(ExtensibilityGlobals) = postSolution
		SolutionGuid = {AA318BE3-C60C-4852-A022-796357DBF8F8}
	EndGlobalSection
EndGlobal
